
Microsoft Visual Studio Solution File, Format Version 12.00
# Visual Studio 15
VisualStudioVersion = 15.0.28307.960
MinimumVisualStudioVersion = 10.0.40219.1
Project("{8BC9CEB8-8B4A-11D0-8D11-00A0C91BC942}") = "MKUHook", "MKUHook\MKUHook.vcxproj", "{6ECACDEC-EA52-46DF-902C-DDEAB6D56877}"
EndProject
Global
	GlobalSection(SolutionConfigurationPlatforms) = preSolution
		Release|MIPS = Release|MIPS
	EndGlobalSection
	GlobalSection(ProjectConfigurationPlatforms) = postSolution
		{6ECACDEC-EA52-46DF-902C-DDEAB6D56877}.Release|MIPS.ActiveCfg = Debug|Win32
		{6ECACDEC-EA52-46DF-902C-DDEAB6D56877}.Release|MIPS.Build.0 = Debug|Win32
	EndGlobalSection
	GlobalSection(SolutionProperties) = preSolution
		HideSolutionNode = FALSE
	EndGlobalSection
	GlobalSection(ExtensibilityGlobals) = postSolution
		SolutionGuid = {E705D33C-2EC9-44A6-B34D-3951D55DFAA0}
	EndGlobalSection
EndGlobal
